
Microsoft Visual Studio Solution File, Format Version 12.00
# Visual Studio Version 17
VisualStudioVersion = 17.6.33712.159
MinimumVisualStudioVersion = 10.0.40219.1
Project("{FAE04EC0-301F-11D3-BF4B-00C04F79EFBC}") = "RegexExceptionProblem", "RegexExceptionProblem\RegexExceptionProblem.csproj", "{6F023CBA-4D21-48E7-81CA-D44758644BB5}"
EndProject
Global
	GlobalSection(SolutionConfigurationPlatforms) = preSolution
		Debug|Any CPU = Debug|Any CPU
		Release|Any CPU = Release|Any CPU
	EndGlobalSection
	GlobalSection(ProjectConfigurationPlatforms) = postSolution
		{6F023CBA-4D21-48E7-81CA-D44758644BB5}.Debug|Any CPU.ActiveCfg = Debug|Any CPU
		{6F023CBA-4D21-48E7-81CA-D44758644BB5}.Debug|Any CPU.Build.0 = Debug|Any CPU
		{6F023CBA-4D21-48E7-81CA-D44758644BB5}.Release|Any CPU.ActiveCfg = Release|Any CPU
		{6F023CBA-4D21-48E7-81CA-D44758644BB5}.Release|Any CPU.Build.0 = Release|Any CPU
	EndGlobalSection
	GlobalSection(SolutionProperties) = preSolution
		HideSolutionNode = FALSE
	EndGlobalSection
	GlobalSection(ExtensibilityGlobals) = postSolution
		SolutionGuid = {4D39C957-478B-404B-A7AB-375781DD82FF}
	EndGlobalSection
EndGlobal
